
Microsoft Visual Studio Solution File, Format Version 12.00
# Visual Studio 2013
VisualStudioVersion = 12.0.31101.0
MinimumVisualStudioVersion = 10.0.40219.1
Project("{FAE04EC0-301F-11D3-BF4B-00C04F79EFBC}") = "AngularDotNetMVC", "AngularDotNetMVC\AngularDotNetMVC.csproj", "{4C421A20-68C1-4180-B4B3-46CD94D6BC4E}"
EndProject
Project("{FAE04EC0-301F-11D3-BF4B-00C04F79EFBC}") = "AngularDotNetMVC.Tests", "AngularDotNetMVC.Tests\AngularDotNetMVC.Tests.csproj", "{2D3DA53A-A832-4274-B1E1-7C14B20816AD}"
EndProject
Global
	GlobalSection(SolutionConfigurationPlatforms) = preSolution
		Debug|Any CPU = Debug|Any CPU
		Release|Any CPU = Release|Any CPU
	EndGlobalSection
	GlobalSection(ProjectConfigurationPlatforms) = postSolution
		{4C421A20-68C1-4180-B4B3-46CD94D6BC4E}.Debug|Any CPU.ActiveCfg = Debug|Any CPU
		{4C421A20-68C1-4180-B4B3-46CD94D6BC4E}.Debug|Any CPU.Build.0 = Debug|Any CPU
		{4C421A20-68C1-4180-B4B3-46CD94D6BC4E}.Release|Any CPU.ActiveCfg = Release|Any CPU
		{4C421A20-68C1-4180-B4B3-46CD94D6BC4E}.Release|Any CPU.Build.0 = Release|Any CPU
		{2D3DA53A-A832-4274-B1E1-7C14B20816AD}.Debug|Any CPU.ActiveCfg = Debug|Any CPU
		{2D3DA53A-A832-4274-B1E1-7C14B20816AD}.Debug|Any CPU.Build.0 = Debug|Any CPU
		{2D3DA53A-A832-4274-B1E1-7C14B20816AD}.Release|Any CPU.ActiveCfg = Release|Any CPU
		{2D3DA53A-A832-4274-B1E1-7C14B20816AD}.Release|Any CPU.Build.0 = Release|Any CPU
	EndGlobalSection
	GlobalSection(SolutionProperties) = preSolution
		HideSolutionNode = FALSE
	EndGlobalSection
EndGlobal
